{
    "_readme": [
        "This file locks the dependencies of your project to a known state",
        "Read more about it at https://getcomposer.org/doc/01-basic-usage.md#installing-dependencies",
        "This file is @generated automatically"
    ],
    "content-hash": "bb1d7315924cee224b719d52c33e7150",
    "packages": [],
    "packages-dev": [
        {
            "name": "clickpdx/oadp-wordpress-theme",
            "version": "dev-master",
            "source": {
                "type": "git",
                "url": "https://github.com/ocdladefense/oadp.git",
                "reference": "23d1594cb0a50365338b040d6cc6210243be9572"
            },
            "dist": {
                "type": "zip",
                "url": "https://api.github.com/repos/ocdladefense/oadp/zipball/23d1594cb0a50365338b040d6cc6210243be9572",
                "reference": "23d1594cb0a50365338b040d6cc6210243be9572",
                "shasum": ""
            },
            "require": {
                "composer/installers": "~1.0"
            },
            "type": "wordpress-theme",
            "notification-url": "https://packagist.org/downloads/",
            "authors": [
                {
                    "name": "jack",
                    "email": "brainard@my.lanecc.edu"
                }
            ],
            "description": "A WordPress child theme that uses Wireframe as a parent",
            "time": "2019-10-01T20:25:53+00:00"
        },
        {
            "name": "clickpdx/wireframe",
            "version": "dev-master",
            "source": {
                "type": "git",
                "url": "https://github.com/ocdladefense/wireframe.git",
                "reference": "2bf0879528cbc5b9e3f921d4bacb3f0fd3b7d4aa"
            },
            "dist": {
                "type": "zip",
                "url": "https://api.github.com/repos/ocdladefense/wireframe/zipball/2bf0879528cbc5b9e3f921d4bacb3f0fd3b7d4aa",
                "reference": "2bf0879528cbc5b9e3f921d4bacb3f0fd3b7d4aa",
                "shasum": ""
            },
            "require": {
                "composer/installers": "~1.0",
                "php": "^7"
            },
            "type": "wordpress-theme",
            "notification-url": "https://packagist.org/downloads/",
            "authors": [
                {
                    "name": "trevoruehlinx1",
                    "email": "trevoruehlinx1@gmail.com"
                }
            ],
            "description": "Wireframe Theme for WordPress",
            "time": "2019-10-08T18:12:00+00:00"
        },
        {
            "name": "composer/installers",
            "version": "v1.7.0",
            "source": {
                "type": "git",
                "url": "https://github.com/composer/installers.git",
                "reference": "141b272484481432cda342727a427dc1e206bfa0"
            },
            "dist": {
                "type": "zip",
                "url": "https://api.github.com/repos/composer/installers/zipball/141b272484481432cda342727a427dc1e206bfa0",
                "reference": "141b272484481432cda342727a427dc1e206bfa0",
                "shasum": ""
            },
            "require": {
                "composer-plugin-api": "^1.0"
            },
            "replace": {
                "roundcube/plugin-installer": "*",
                "shama/baton": "*"
            },
            "require-dev": {
                "composer/composer": "1.0.*@dev",
                "phpunit/phpunit": "^4.8.36"
            },
            "type": "composer-plugin",
            "extra": {
                "class": "Composer\\Installers\\Plugin",
                "branch-alias": {
                    "dev-master": "1.0-dev"
                }
            },
            "autoload": {
                "psr-4": {
                    "Composer\\Installers\\": "src/Composer/Installers"
                }
            },
            "notification-url": "https://packagist.org/downloads/",
            "license": [
                "MIT"
            ],
            "authors": [
                {
                    "name": "Kyle Robinson Young",
                    "email": "kyle@dontkry.com",
                    "homepage": "https://github.com/shama"
                }
            ],
            "description": "A multi-framework Composer library installer",
            "homepage": "https://composer.github.io/installers/",
            "keywords": [
                "Craft",
                "Dolibarr",
                "Eliasis",
                "Hurad",
                "ImageCMS",
                "Kanboard",
                "Lan Management System",
                "MODX Evo",
                "Mautic",
                "Maya",
                "OXID",
                "Plentymarkets",
                "Porto",
                "RadPHP",
                "SMF",
                "Thelia",
                "Whmcs",
                "WolfCMS",
                "agl",
                "aimeos",
                "annotatecms",
                "attogram",
                "bitrix",
                "cakephp",
                "chef",
                "cockpit",
                "codeigniter",
                "concrete5",
                "croogo",
                "dokuwiki",
                "drupal",
                "eZ Platform",
                "elgg",
                "expressionengine",
                "fuelphp",
                "grav",
                "installer",
                "itop",
                "joomla",
                "known",
                "kohana",
                "laravel",
                "lavalite",
                "lithium",
                "magento",
                "majima",
                "mako",
                "mediawiki",
                "modulework",
                "modx",
                "moodle",
                "osclass",
                "phpbb",
                "piwik",
                "ppi",
                "puppet",
                "pxcms",
                "reindex",
                "roundcube",
                "shopware",
                "silverstripe",
                "sydes",
                "symfony",
                "typo3",
                "wordpress",
                "yawik",
                "zend",
                "zikula"
            ],
            "time": "2019-08-12T15:00:31+00:00"
        },
        {
            "name": "wpackagist-plugin/custom-sidebars",
            "version": "dev-trunk",
            "source": {
                "type": "svn",
                "url": "https://plugins.svn.wordpress.org/custom-sidebars/",
                "reference": "trunk"
            },
            "dist": {
                "type": "zip",
                "url": "https://downloads.wordpress.org/plugin/custom-sidebars.zip?timestamp=1557516154"
            },
            "require": {
                "composer/installers": "~1.0"
            },
            "type": "wordpress-plugin",
            "homepage": "https://wordpress.org/plugins/custom-sidebars/",
            "time": "2019-05-10T19:22:34+00:00"
        },
        {
            "name": "wpackagist-plugin/fg-drupal-to-wp",
            "version": "dev-trunk",
            "source": {
                "type": "svn",
                "url": "https://plugins.svn.wordpress.org/fg-drupal-to-wp/",
                "reference": "trunk"
            },
            "dist": {
                "type": "zip",
                "url": "https://downloads.wordpress.org/plugin/fg-drupal-to-wp.zip?timestamp=1570198652"
            },
            "require": {
                "composer/installers": "~1.0"
            },
            "type": "wordpress-plugin",
            "homepage": "https://wordpress.org/plugins/fg-drupal-to-wp/",
            "time": "2019-10-04T14:17:32+00:00"
        },
        {
            "name": "wpackagist-plugin/my-social-widget",
            "version": "dev-trunk",
            "source": {
                "type": "svn",
                "url": "https://plugins.svn.wordpress.org/my-social-widget/",
                "reference": "trunk"
            },
            "dist": {
                "type": "zip",
                "url": "https://downloads.wordpress.org/plugin/my-social-widget.zip?timestamp=1559998377"
            },
            "require": {
                "composer/installers": "~1.0"
            },
            "type": "wordpress-plugin",
            "homepage": "https://wordpress.org/plugins/my-social-widget/",
            "time": "2019-06-08T12:52:57+00:00"
        },
        {
            "name": "wpackagist-plugin/wordpress-importer",
            "version": "dev-trunk",
            "source": {
                "type": "svn",
                "url": "https://plugins.svn.wordpress.org/wordpress-importer/",
                "reference": "trunk"
            },
            "dist": {
                "type": "zip",
                "url": "https://downloads.wordpress.org/plugin/wordpress-importer.zip?timestamp=1563171358"
            },
            "require": {
                "composer/installers": "~1.0"
            },
            "type": "wordpress-plugin",
            "homepage": "https://wordpress.org/plugins/wordpress-importer/",
            "time": "2019-07-15T06:15:58+00:00"
        }
    ],
    "aliases": [],
    "minimum-stability": "stable",
    "stability-flags": {
        "wpackagist-plugin/custom-sidebars": 20,
        "wpackagist-plugin/my-social-widget": 20,
        "wpackagist-plugin/fg-drupal-to-wp": 20,
        "wpackagist-plugin/wordpress-importer": 20,
        "clickpdx/wireframe": 20,
        "clickpdx/oadp-wordpress-theme": 20
    },
    "prefer-stable": false,
    "prefer-lowest": false,
    "platform": [],
    "platform-dev": []
}
